// !$*UTF8*$!
{
	archiveVersion = 1;
	classes = {
	};
	objectVersion = 51;
	objects = {

/* Begin PBXBuildFile section */
		1B7514A322A0300700EB705E /* AppDelegate.swift in Sources */ = {isa = PBXBuildFile; fileRef = 1B7514A222A0300700EB705E /* AppDelegate.swift */; };
		1B7514A522A0300700EB705E /* ViewController.swift in Sources */ = {isa = PBXBuildFile; fileRef = 1B7514A422A0300700EB705E /* ViewController.swift */; };
		1B7514A822A0300700EB705E /* Main.storyboard in Resources */ = {isa = PBXBuildFile; fileRef = 1B7514A622A0300700EB705E /* Main.storyboard */; };
		1B7514AA22A0300900EB705E /* Assets.xcassets in Resources */ = {isa = PBXBuildFile; fileRef = 1B7514A922A0300900EB705E /* Assets.xcassets */; };
		1B7514AD22A0300900EB705E /* LaunchScreen.storyboard in Resources */ = {isa = PBXBuildFile; fileRef = 1B7514AB22A0300900EB705E /* LaunchScreen.storyboard */; };
		1B7514C322A035E800EB705E /* APIManager.swift in Sources */ = {isa = PBXBuildFile; fileRef = 1B7514C222A035E800EB705E /* APIManager.swift */; };
		1B7514C422A035E800EB705E /* APIManager.swift in Sources */ = {isa = PBXBuildFile; fileRef = 1B7514C222A035E800EB705E /* APIManager.swift */; };
		1B7514C622A069E800EB705E /* Movie.swift in Sources */ = {isa = PBXBuildFile; fileRef = 1B7514C522A069E800EB705E /* Movie.swift */; };
		1B7514C722A069E800EB705E /* Movie.swift in Sources */ = {isa = PBXBuildFile; fileRef = 1B7514C522A069E800EB705E /* Movie.swift */; };
		1B7514C922A0739E00EB705E /* MovieViewModel.swift in Sources */ = {isa = PBXBuildFile; fileRef = 1B7514C822A0739E00EB705E /* MovieViewModel.swift */; };
		1B7514CA22A0739E00EB705E /* MovieViewModel.swift in Sources */ = {isa = PBXBuildFile; fileRef = 1B7514C822A0739E00EB705E /* MovieViewModel.swift */; };
		1B7514CC22A0A05F00EB705E /* CollectionCell.swift in Sources */ = {isa = PBXBuildFile; fileRef = 1B7514CB22A0A05F00EB705E /* CollectionCell.swift */; };
		1B7514D222A133F300EB705E /* MovieDetailsViewController.swift in Sources */ = {isa = PBXBuildFile; fileRef = 1B7514D122A133F300EB705E /* MovieDetailsViewController.swift */; };
		1B7514D522A1599300EB705E /* SimilarMovieCollectionCell.swift in Sources */ = {isa = PBXBuildFile; fileRef = 1B7514D422A1599300EB705E /* SimilarMovieCollectionCell.swift */; };
		1B7514D822A2C06300EB705E /* APIManagerTests.swift in Sources */ = {isa = PBXBuildFile; fileRef = 1B7514D722A2C06300EB705E /* APIManagerTests.swift */; };
		1B7514DA22A308FC00EB705E /* MovieViewModelTests.swift in Sources */ = {isa = PBXBuildFile; fileRef = 1B7514D922A308FC00EB705E /* MovieViewModelTests.swift */; };
		1B7514DC22A30A4C00EB705E /* Movies.json in Resources */ = {isa = PBXBuildFile; fileRef = 1B7514DB22A30A4C00EB705E /* Movies.json */; };
		1B7514DD22A30A4C00EB705E /* Movies.json in Resources */ = {isa = PBXBuildFile; fileRef = 1B7514DB22A30A4C00EB705E /* Movies.json */; };
		1B7514DF22A3220100EB705E /* ViewControllerTests.swift in Sources */ = {isa = PBXBuildFile; fileRef = 1B7514DE22A3220100EB705E /* ViewControllerTests.swift */; };
		1B7514E122A3286100EB705E /* MovieDetailsViewControllerTests.swift in Sources */ = {isa = PBXBuildFile; fileRef = 1B7514E022A3286100EB705E /* MovieDetailsViewControllerTests.swift */; };
		5E759A7A038674965945D53C /* Pods_Movies_AppTests.framework in Frameworks */ = {isa = PBXBuildFile; fileRef = 04E3AD3639D21F0DB3B75665 /* Pods_Movies_AppTests.framework */; };
		C96D844E1D0CF40F6E56E11E /* Pods_Movies_App.framework in Frameworks */ = {isa = PBXBuildFile; fileRef = 3072950AFB260C4D3D4238B3 /* Pods_Movies_App.framework */; };
/* End PBXBuildFile section */

/* Begin PBXContainerItemProxy section */
		1B7514B422A0300900EB705E /* PBXContainerItemProxy */ = {
			isa = PBXContainerItemProxy;
			containerPortal = 1B75149722A0300700EB705E /* Project object */;
			proxyType = 1;
			remoteGlobalIDString = 1B75149E22A0300700EB705E;
			remoteInfo = "Movies App";
		};
/* End PBXContainerItemProxy section */

/* Begin PBXFileReference section */
		04E3AD3639D21F0DB3B75665 /* Pods_Movies_AppTests.framework */ = {isa = PBXFileReference; explicitFileType = wrapper.framework; includeInIndex = 0; path = Pods_Movies_AppTests.framework; sourceTree = BUILT_PRODUCTS_DIR; };
		1B75149F22A0300700EB705E /* Movies App.app */ = {isa = PBXFileReference; explicitFileType = wrapper.application; includeInIndex = 0; path = "Movies App.app"; sourceTree = BUILT_PRODUCTS_DIR; };
		1B7514A222A0300700EB705E /* AppDelegate.swift */ = {isa = PBXFileReference; lastKnownFileType = sourcecode.swift; path = AppDelegate.swift; sourceTree = "<group>"; };
		1B7514A422A0300700EB705E /* ViewController.swift */ = {isa = PBXFileReference; lastKnownFileType = sourcecode.swift; path = ViewController.swift; sourceTree = "<group>"; };
		1B7514A722A0300700EB705E /* Base */ = {isa = PBXFileReference; lastKnownFileType = file.storyboard; name = Base; path = Base.lproj/Main.storyboard; sourceTree = "<group>"; };
		1B7514A922A0300900EB705E /* Assets.xcassets */ = {isa = PBXFileReference; lastKnownFileType = folder.assetcatalog; path = Assets.xcassets; sourceTree = "<group>"; };
		1B7514AC22A0300900EB705E /* Base */ = {isa = PBXFileReference; lastKnownFileType = file.storyboard; name = Base; path = Base.lproj/LaunchScreen.storyboard; sourceTree = "<group>"; };
		1B7514AE22A0300900EB705E /* Info.plist */ = {isa = PBXFileReference; lastKnownFileType = text.plist.xml; path = Info.plist; sourceTree = "<group>"; };
		1B7514B322A0300900EB705E /* Movies AppTests.xctest */ = {isa = PBXFileReference; explicitFileType = wrapper.cfbundle; includeInIndex = 0; path = "Movies AppTests.xctest"; sourceTree = BUILT_PRODUCTS_DIR; };
		1B7514B922A0300900EB705E /* Info.plist */ = {isa = PBXFileReference; lastKnownFileType = text.plist.xml; path = Info.plist; sourceTree = "<group>"; };
		1B7514C222A035E800EB705E /* APIManager.swift */ = {isa = PBXFileReference; lastKnownFileType = sourcecode.swift; path = APIManager.swift; sourceTree = "<group>"; };
		1B7514C522A069E800EB705E /* Movie.swift */ = {isa = PBXFileReference; lastKnownFileType = sourcecode.swift; path = Movie.swift; sourceTree = "<group>"; };
		1B7514C822A0739E00EB705E /* MovieViewModel.swift */ = {isa = PBXFileReference; fileEncoding = 4; lastKnownFileType = sourcecode.swift; path = MovieViewModel.swift; sourceTree = "<group>"; };
		1B7514CB22A0A05F00EB705E /* CollectionCell.swift */ = {isa = PBXFileReference; lastKnownFileType = sourcecode.swift; path = CollectionCell.swift; sourceTree = "<group>"; };
		1B7514D122A133F300EB705E /* MovieDetailsViewController.swift */ = {isa = PBXFileReference; lastKnownFileType = sourcecode.swift; path = MovieDetailsViewController.swift; sourceTree = "<group>"; };
		1B7514D422A1599300EB705E /* SimilarMovieCollectionCell.swift */ = {isa = PBXFileReference; lastKnownFileType = sourcecode.swift; path = SimilarMovieCollectionCell.swift; sourceTree = "<group>"; };
		1B7514D722A2C06300EB705E /* APIManagerTests.swift */ = {isa = PBXFileReference; lastKnownFileType = sourcecode.swift; path = APIManagerTests.swift; sourceTree = "<group>"; };
		1B7514D922A308FC00EB705E /* MovieViewModelTests.swift */ = {isa = PBXFileReference; lastKnownFileType = sourcecode.swift; path = MovieViewModelTests.swift; sourceTree = "<group>"; };
		1B7514DB22A30A4C00EB705E /* Movies.json */ = {isa = PBXFileReference; fileEncoding = 4; lastKnownFileType = text.json; path = Movies.json; sourceTree = "<group>"; };
		1B7514DE22A3220100EB705E /* ViewControllerTests.swift */ = {isa = PBXFileReference; lastKnownFileType = sourcecode.swift; path = ViewControllerTests.swift; sourceTree = "<group>"; };
		1B7514E022A3286100EB705E /* MovieDetailsViewControllerTests.swift */ = {isa = PBXFileReference; lastKnownFileType = sourcecode.swift; path = MovieDetailsViewControllerTests.swift; sourceTree = "<group>"; };
		3072950AFB260C4D3D4238B3 /* Pods_Movies_App.framework */ = {isa = PBXFileReference; explicitFileType = wrapper.framework; includeInIndex = 0; path = Pods_Movies_App.framework; sourceTree = BUILT_PRODUCTS_DIR; };
		9C094ADF031828E0C0BDA539 /* Pods-Movies AppTests.release.xcconfig */ = {isa = PBXFileReference; includeInIndex = 1; lastKnownFileType = text.xcconfig; name = "Pods-Movies AppTests.release.xcconfig"; path = "Target Support Files/Pods-Movies AppTests/Pods-Movies AppTests.release.xcconfig"; sourceTree = "<group>"; };
		B5B056CFB4AEC4292EA2CCC5 /* Pods-Movies App.debug.xcconfig */ = {isa = PBXFileReference; includeInIndex = 1; lastKnownFileType = text.xcconfig; name = "Pods-Movies App.debug.xcconfig"; path = "Target Support Files/Pods-Movies App/Pods-Movies App.debug.xcconfig"; sourceTree = "<group>"; };
		D654637834B1F1C00ABB7458 /* Pods-Movies AppTests.debug.xcconfig */ = {isa = PBXFileReference; includeInIndex = 1; lastKnownFileType = text.xcconfig; name = "Pods-Movies AppTests.debug.xcconfig"; path = "Target Support Files/Pods-Movies AppTests/Pods-Movies AppTests.debug.xcconfig"; sourceTree = "<group>"; };
		EE6761B6E11564B81029864C /* Pods-Movies App.release.xcconfig */ = {isa = PBXFileReference; includeInIndex = 1; lastKnownFileType = text.xcconfig; name = "Pods-Movies App.release.xcconfig"; path = "Target Support Files/Pods-Movies App/Pods-Movies App.release.xcconfig"; sourceTree = "<group>"; };
/* End PBXFileReference section */

/* Begin PBXFrameworksBuildPhase section */
		1B75149C22A0300700EB705E /* Frameworks */ = {
			isa = PBXFrameworksBuildPhase;
			buildActionMask = 2147483647;
			files = (
				C96D844E1D0CF40F6E56E11E /* Pods_Movies_App.framework in Frameworks */,
			);
			runOnlyForDeploymentPostprocessing = 0;
		};
		1B7514B022A0300900EB705E /* Frameworks */ = {
			isa = PBXFrameworksBuildPhase;
			buildActionMask = 2147483647;
			files = (
				5E759A7A038674965945D53C /* Pods_Movies_AppTests.framework in Frameworks */,
			);
			runOnlyForDeploymentPostprocessing = 0;
		};
/* End PBXFrameworksBuildPhase section */

/* Begin PBXGroup section */
		1B75149622A0300700EB705E = {
			isa = PBXGroup;
			children = (
				1B7514A122A0300700EB705E /* Movies App */,
				1B7514B622A0300900EB705E /* Movies AppTests */,
				1B7514A022A0300700EB705E /* Products */,
				AF5EB9E958584F06162DBD29 /* Pods */,
				3E8B1BFADF11DE2DB8CE589C /* Frameworks */,
			);
			sourceTree = "<group>";
		};
		1B7514A022A0300700EB705E /* Products */ = {
			isa = PBXGroup;
			children = (
				1B75149F22A0300700EB705E /* Movies App.app */,
				1B7514B322A0300900EB705E /* Movies AppTests.xctest */,
			);
			name = Products;
			sourceTree = "<group>";
		};
		1B7514A122A0300700EB705E /* Movies App */ = {
			isa = PBXGroup;
			children = (
				1B7514AE22A0300900EB705E /* Info.plist */,
				1B7514A222A0300700EB705E /* AppDelegate.swift */,
				1B7514E222A337CD00EB705E /* View */,
				1B7514E522A337F300EB705E /* Network Layer */,
				1B7514E322A337DF00EB705E /* Model */,
				1B7514E422A337E800EB705E /* ViewModel */,
				1B7514E622A33A6A00EB705E /* Resources */,
			);
			path = "Movies App";
			sourceTree = "<group>";
		};
		1B7514B622A0300900EB705E /* Movies AppTests */ = {
			isa = PBXGroup;
			children = (
				1B7514D722A2C06300EB705E /* APIManagerTests.swift */,
				1B7514D922A308FC00EB705E /* MovieViewModelTests.swift */,
				1B7514DE22A3220100EB705E /* ViewControllerTests.swift */,
				1B7514E022A3286100EB705E /* MovieDetailsViewControllerTests.swift */,
				1B7514DB22A30A4C00EB705E /* Movies.json */,
				1B7514B922A0300900EB705E /* Info.plist */,
			);
			path = "Movies AppTests";
			sourceTree = "<group>";
		};
		1B7514E222A337CD00EB705E /* View */ = {
			isa = PBXGroup;
			children = (
				1B7514A422A0300700EB705E /* ViewController.swift */,
				1B7514D122A133F300EB705E /* MovieDetailsViewController.swift */,
				1B7514CB22A0A05F00EB705E /* CollectionCell.swift */,
				1B7514D422A1599300EB705E /* SimilarMovieCollectionCell.swift */,
			);
			path = View;
			sourceTree = "<group>";
		};
		1B7514E322A337DF00EB705E /* Model */ = {
			isa = PBXGroup;
			children = (
				1B7514C522A069E800EB705E /* Movie.swift */,
			);
			path = Model;
			sourceTree = "<group>";
		};
		1B7514E422A337E800EB705E /* ViewModel */ = {
			isa = PBXGroup;
			children = (
				1B7514C822A0739E00EB705E /* MovieViewModel.swift */,
			);
			path = ViewModel;
			sourceTree = "<group>";
		};
		1B7514E522A337F300EB705E /* Network Layer */ = {
			isa = PBXGroup;
			children = (
				1B7514C222A035E800EB705E /* APIManager.swift */,
			);
			path = "Network Layer";
			sourceTree = "<group>";
		};
		1B7514E622A33A6A00EB705E /* Resources */ = {
			isa = PBXGroup;
			children = (
				1B7514A622A0300700EB705E /* Main.storyboard */,
				1B7514A922A0300900EB705E /* Assets.xcassets */,
				1B7514AB22A0300900EB705E /* LaunchScreen.storyboard */,
			);
			path = Resources;
			sourceTree = "<group>";
		};
		3E8B1BFADF11DE2DB8CE589C /* Frameworks */ = {
			isa = PBXGroup;
			children = (
				3072950AFB260C4D3D4238B3 /* Pods_Movies_App.framework */,
				04E3AD3639D21F0DB3B75665 /* Pods_Movies_AppTests.framework */,
			);
			name = Frameworks;
			sourceTree = "<group>";
		};
		AF5EB9E958584F06162DBD29 /* Pods */ = {
			isa = PBXGroup;
			children = (
				B5B056CFB4AEC4292EA2CCC5 /* Pods-Movies App.debug.xcconfig */,
				EE6761B6E11564B81029864C /* Pods-Movies App.release.xcconfig */,
				D654637834B1F1C00ABB7458 /* Pods-Movies AppTests.debug.xcconfig */,
				9C094ADF031828E0C0BDA539 /* Pods-Movies AppTests.release.xcconfig */,
			);
			path = Pods;
			sourceTree = "<group>";
		};
/* End PBXGroup section */

/* Begin PBXNativeTarget section */
		1B75149E22A0300700EB705E /* Movies App */ = {
			isa = PBXNativeTarget;
			buildConfigurationList = 1B7514BC22A0300900EB705E /* Build configuration list for PBXNativeTarget "Movies App" */;
			buildPhases = (
				AC9545175578E19997AE4665 /* [CP] Check Pods Manifest.lock */,
				1B75149B22A0300700EB705E /* Sources */,
				1B75149C22A0300700EB705E /* Frameworks */,
				1B75149D22A0300700EB705E /* Resources */,
				272CA69C0535CAE493BBE43C /* [CP] Embed Pods Frameworks */,
			);
			buildRules = (
			);
			dependencies = (
			);
			name = "Movies App";
			productName = "Movies App";
			productReference = 1B75149F22A0300700EB705E /* Movies App.app */;
			productType = "com.apple.product-type.application";
		};
		1B7514B222A0300900EB705E /* Movies AppTests */ = {
			isa = PBXNativeTarget;
			buildConfigurationList = 1B7514BF22A0300900EB705E /* Build configuration list for PBXNativeTarget "Movies AppTests" */;
			buildPhases = (
				C521C0547715B694F415BBFA /* [CP] Check Pods Manifest.lock */,
				1B7514AF22A0300900EB705E /* Sources */,
				1B7514B022A0300900EB705E /* Frameworks */,
				1B7514B122A0300900EB705E /* Resources */,
				B1CDA415B9F0FF4031BF1337 /* [CP] Embed Pods Frameworks */,
			);
			buildRules = (
			);
			dependencies = (
				1B7514B522A0300900EB705E /* PBXTargetDependency */,
			);
			name = "Movies AppTests";
			productName = "Movies AppTests";
			productReference = 1B7514B322A0300900EB705E /* Movies AppTests.xctest */;
			productType = "com.apple.product-type.bundle.unit-test";
		};
/* End PBXNativeTarget section */

/* Begin PBXProject section */
		1B75149722A0300700EB705E /* Project object */ = {
			isa = PBXProject;
			attributes = {
				LastSwiftUpdateCheck = 1020;
				LastUpgradeCheck = 1020;
				ORGANIZATIONNAME = "Tarun Gorre";
				TargetAttributes = {
					1B75149E22A0300700EB705E = {
						CreatedOnToolsVersion = 10.2.1;
					};
					1B7514B222A0300900EB705E = {
						CreatedOnToolsVersion = 10.2.1;
						TestTargetID = 1B75149E22A0300700EB705E;
					};
				};
			};
			buildConfigurationList = 1B75149A22A0300700EB705E /* Build configuration list for PBXProject "Movies App" */;
			compatibilityVersion = "Xcode 9.3";
			developmentRegion = en;
			hasScannedForEncodings = 0;
			knownRegions = (
				en,
				Base,
			);
			mainGroup = 1B75149622A0300700EB705E;
			productRefGroup = 1B7514A022A0300700EB705E /* Products */;
			projectDirPath = "";
			projectRoot = "";
			targets = (
				1B75149E22A0300700EB705E /* Movies App */,
				1B7514B222A0300900EB705E /* Movies AppTests */,
			);
		};
/* End PBXProject section */

/* Begin PBXResourcesBuildPhase section */
		1B75149D22A0300700EB705E /* Resources */ = {
			isa = PBXResourcesBuildPhase;
			buildActionMask = 2147483647;
			files = (
				1B7514AD22A0300900EB705E /* LaunchScreen.storyboard in Resources */,
				1B7514AA22A0300900EB705E /* Assets.xcassets in Resources */,
				1B7514A822A0300700EB705E /* Main.storyboard in Resources */,
				1B7514DC22A30A4C00EB705E /* Movies.json in Resources */,
			);
			runOnlyForDeploymentPostprocessing = 0;
		};
		1B7514B122A0300900EB705E /* Resources */ = {
			isa = PBXResourcesBuildPhase;
			buildActionMask = 2147483647;
			files = (
				1B7514DD22A30A4C00EB705E /* Movies.json in Resources */,
			);
			runOnlyForDeploymentPostprocessing = 0;
		};
/* End PBXResourcesBuildPhase section */

/* Begin PBXShellScriptBuildPhase section */
		272CA69C0535CAE493BBE43C /* [CP] Embed Pods Frameworks */ = {
			isa = PBXShellScriptBuildPhase;
			buildActionMask = 2147483647;
			files = (
			);
			inputFileListPaths = (
				"${PODS_ROOT}/Target Support Files/Pods-Movies App/Pods-Movies App-frameworks-${CONFIGURATION}-input-files.xcfilelist",
			);
			name = "[CP] Embed Pods Frameworks";
			outputFileListPaths = (
				"${PODS_ROOT}/Target Support Files/Pods-Movies App/Pods-Movies App-frameworks-${CONFIGURATION}-output-files.xcfilelist",
			);
			runOnlyForDeploymentPostprocessing = 0;
			shellPath = /bin/sh;
			shellScript = "\"${PODS_ROOT}/Target Support Files/Pods-Movies App/Pods-Movies App-frameworks.sh\"\n";
			showEnvVarsInLog = 0;
		};
		AC9545175578E19997AE4665 /* [CP] Check Pods Manifest.lock */ = {
			isa = PBXShellScriptBuildPhase;
			buildActionMask = 2147483647;
			files = (
			);
			inputFileListPaths = (
			);
			inputPaths = (
				"${PODS_PODFILE_DIR_PATH}/Podfile.lock",
				"${PODS_ROOT}/Manifest.lock",
			);
			name = "[CP] Check Pods Manifest.lock";
			outputFileListPaths = (
			);
			outputPaths = (
				"$(DERIVED_FILE_DIR)/Pods-Movies App-checkManifestLockResult.txt",
			);
			runOnlyForDeploymentPostprocessing = 0;
			shellPath = /bin/sh;
			shellScript = "diff \"${PODS_PODFILE_DIR_PATH}/Podfile.lock\" \"${PODS_ROOT}/Manifest.lock\" > /dev/null\nif [ $? != 0 ] ; then\n    # print error to STDERR\n    echo \"error: The sandbox is not in sync with the Podfile.lock. Run 'pod install' or update your CocoaPods installation.\" >&2\n    exit 1\nfi\n# This output is used by Xcode 'outputs' to avoid re-running this script phase.\necho \"SUCCESS\" > \"${SCRIPT_OUTPUT_FILE_0}\"\n";
			showEnvVarsInLog = 0;
		};
		B1CDA415B9F0FF4031BF1337 /* [CP] Embed Pods Frameworks */ = {
			isa = PBXShellScriptBuildPhase;
			buildActionMask = 2147483647;
			files = (
			);
			inputFileListPaths = (
				"${PODS_ROOT}/Target Support Files/Pods-Movies AppTests/Pods-Movies AppTests-frameworks-${CONFIGURATION}-input-files.xcfilelist",
			);
			name = "[CP] Embed Pods Frameworks";
			outputFileListPaths = (
				"${PODS_ROOT}/Target Support Files/Pods-Movies AppTests/Pods-Movies AppTests-frameworks-${CONFIGURATION}-output-files.xcfilelist",
			);
			runOnlyForDeploymentPostprocessing = 0;
			shellPath = /bin/sh;
			shellScript = "\"${PODS_ROOT}/Target Support Files/Pods-Movies AppTests/Pods-Movies AppTests-frameworks.sh\"\n";
			showEnvVarsInLog = 0;
		};
		C521C0547715B694F415BBFA /* [CP] Check Pods Manifest.lock */ = {
			isa = PBXShellScriptBuildPhase;
			buildActionMask = 2147483647;
			files = (
			);
			inputFileListPaths = (
			);
			inputPaths = (
				"${PODS_PODFILE_DIR_PATH}/Podfile.lock",
				"${PODS_ROOT}/Manifest.lock",
			);
			name = "[CP] Check Pods Manifest.lock";
			outputFileListPaths = (
			);
			outputPaths = (
				"$(DERIVED_FILE_DIR)/Pods-Movies AppTests-checkManifestLockResult.txt",
			);
			runOnlyForDeploymentPostprocessing = 0;
			shellPath = /bin/sh;
			shellScript = "diff \"${PODS_PODFILE_DIR_PATH}/Podfile.lock\" \"${PODS_ROOT}/Manifest.lock\" > /dev/null\nif [ $? != 0 ] ; then\n    # print error to STDERR\n    echo \"error: The sandbox is not in sync with the Podfile.lock. Run 'pod install' or update your CocoaPods installation.\" >&2\n    exit 1\nfi\n# This output is used by Xcode 'outputs' to avoid re-running this script phase.\necho \"SUCCESS\" > \"${SCRIPT_OUTPUT_FILE_0}\"\n";
			showEnvVarsInLog = 0;
		};
/* End PBXShellScriptBuildPhase section */

/* Begin PBXSourcesBuildPhase section */
		1B75149B22A0300700EB705E /* Sources */ = {
			isa = PBXSourcesBuildPhase;
			buildActionMask = 2147483647;
			files = (
				1B7514D522A1599300EB705E /* SimilarMovieCollectionCell.swift in Sources */,
				1B7514C322A035E800EB705E /* APIManager.swift in Sources */,
				1B7514C922A0739E00EB705E /* MovieViewModel.swift in Sources */,
				1B7514A522A0300700EB705E /* ViewController.swift in Sources */,
				1B7514D222A133F300EB705E /* MovieDetailsViewController.swift in Sources */,
				1B7514C622A069E800EB705E /* Movie.swift in Sources */,
				1B7514A322A0300700EB705E /* AppDelegate.swift in Sources */,
				1B7514CC22A0A05F00EB705E /* CollectionCell.swift in Sources */,
			);
			runOnlyForDeploymentPostprocessing = 0;
		};
		1B7514AF22A0300900EB705E /* Sources */ = {
			isa = PBXSourcesBuildPhase;
			buildActionMask = 2147483647;
			files = (
				1B7514D822A2C06300EB705E /* APIManagerTests.swift in Sources */,
				1B7514C422A035E800EB705E /* APIManager.swift in Sources */,
				1B7514DF22A3220100EB705E /* ViewControllerTests.swift in Sources */,
				1B7514E122A3286100EB705E /* MovieDetailsViewControllerTests.swift in Sources */,
				1B7514DA22A308FC00EB705E /* MovieViewModelTests.swift in Sources */,
				1B7514C722A069E800EB705E /* Movie.swift in Sources */,
				1B7514CA22A0739E00EB705E /* MovieViewModel.swift in Sources */,
			);
			runOnlyForDeploymentPostprocessing = 0;
		};
/* End PBXSourcesBuildPhase section */

/* Begin PBXTargetDependency section */
		1B7514B522A0300900EB705E /* PBXTargetDependency */ = {
			isa = PBXTargetDependency;
			target = 1B75149E22A0300700EB705E /* Movies App */;
			targetProxy = 1B7514B422A0300900EB705E /* PBXContainerItemProxy */;
		};
/* End PBXTargetDependency section */

/* Begin PBXVariantGroup section */
		1B7514A622A0300700EB705E /* Main.storyboard */ = {
			isa = PBXVariantGroup;
			children = (
				1B7514A722A0300700EB705E /* Base */,
			);
			name = Main.storyboard;
			sourceTree = "<group>";
		};
		1B7514AB22A0300900EB705E /* LaunchScreen.storyboard */ = {
			isa = PBXVariantGroup;
			children = (
				1B7514AC22A0300900EB705E /* Base */,
			);
			name = LaunchScreen.storyboard;
			sourceTree = "<group>";
		};
/* End PBXVariantGroup section */

/* Begin XCBuildConfiguration section */
		1B7514BA22A0300900EB705E /* Debug */ = {
			isa = XCBuildConfiguration;
			buildSettings = {
				ALWAYS_SEARCH_USER_PATHS = NO;
				CLANG_ANALYZER_NONNULL = YES;
				CLANG_ANALYZER_NUMBER_OBJECT_CONVERSION = YES_AGGRESSIVE;
				CLANG_CXX_LANGUAGE_STANDARD = "gnu++14";
				CLANG_CXX_LIBRARY = "libc++";
				CLANG_ENABLE_MODULES = YES;
				CLANG_ENABLE_OBJC_ARC = YES;
				CLANG_ENABLE_OBJC_WEAK = YES;
				CLANG_WARN_BLOCK_CAPTURE_AUTORELEASING = YES;
				CLANG_WARN_BOOL_CONVERSION = YES;
				CLANG_WARN_COMMA = YES;
				CLANG_WARN_CONSTANT_CONVERSION = YES;
				CLANG_WARN_DEPRECATED_OBJC_IMPLEMENTATIONS = YES;
				CLANG_WARN_DIRECT_OBJC_ISA_USAGE = YES_ERROR;
				CLANG_WARN_DOCUMENTATION_COMMENTS = YES;
				CLANG_WARN_EMPTY_BODY = YES;
				CLANG_WARN_ENUM_CONVERSION = YES;
				CLANG_WARN_INFINITE_RECURSION = YES;
				CLANG_WARN_INT_CONVERSION = YES;
				CLANG_WARN_NON_LITERAL_NULL_CONVERSION = YES;
				CLANG_WARN_OBJC_IMPLICIT_RETAIN_SELF = YES;
				CLANG_WARN_OBJC_LITERAL_CONVERSION = YES;
				CLANG_WARN_OBJC_ROOT_CLASS = YES_ERROR;
				CLANG_WARN_RANGE_LOOP_ANALYSIS = YES;
				CLANG_WARN_STRICT_PROTOTYPES = YES;
				CLANG_WARN_SUSPICIOUS_MOVE = YES;
				CLANG_WARN_UNGUARDED_AVAILABILITY = YES_AGGRESSIVE;
				CLANG_WARN_UNREACHABLE_CODE = YES;
				CLANG_WARN__DUPLICATE_METHOD_MATCH = YES;
				CODE_SIGN_IDENTITY = "iPhone Developer";
				COPY_PHASE_STRIP = NO;
				DEBUG_INFORMATION_FORMAT = dwarf;
				ENABLE_STRICT_OBJC_MSGSEND = YES;
				ENABLE_TESTABILITY = YES;
				GCC_C_LANGUAGE_STANDARD = gnu11;
				GCC_DYNAMIC_NO_PIC = NO;
				GCC_NO_COMMON_BLOCKS = YES;
				GCC_OPTIMIZATION_LEVEL = 0;
				GCC_PREPROCESSOR_DEFINITIONS = (
					"DEBUG=1",
					"$(inherited)",
				);
				GCC_WARN_64_TO_32_BIT_CONVERSION = YES;
				GCC_WARN_ABOUT_RETURN_TYPE = YES_ERROR;
				GCC_WARN_UNDECLARED_SELECTOR = YES;
				GCC_WARN_UNINITIALIZED_AUTOS = YES_AGGRESSIVE;
				GCC_WARN_UNUSED_FUNCTION = YES;
				GCC_WARN_UNUSED_VARIABLE = YES;
				IPHONEOS_DEPLOYMENT_TARGET = 12.2;
				MTL_ENABLE_DEBUG_INFO = INCLUDE_SOURCE;
				MTL_FAST_MATH = YES;
				ONLY_ACTIVE_ARCH = YES;
				SDKROOT = iphoneos;
				SWIFT_ACTIVE_COMPILATION_CONDITIONS = DEBUG;
				SWIFT_OPTIMIZATION_LEVEL = "-Onone";
			};
			name = Debug;
		};
		1B7514BB22A0300900EB705E /* Release */ = {
			isa = XCBuildConfiguration;
			buildSettings = {
				ALWAYS_SEARCH_USER_PATHS = NO;
				CLANG_ANALYZER_NONNULL = YES;
				CLANG_ANALYZER_NUMBER_OBJECT_CONVERSION = YES_AGGRESSIVE;
				CLANG_CXX_LANGUAGE_STANDARD = "gnu++14";
				CLANG_CXX_LIBRARY = "libc++";
				CLANG_ENABLE_MODULES = YES;
				CLANG_ENABLE_OBJC_ARC = YES;
				CLANG_ENABLE_OBJC_WEAK = YES;
				CLANG_WARN_BLOCK_CAPTURE_AUTORELEASING = YES;
				CLANG_WARN_BOOL_CONVERSION = YES;
				CLANG_WARN_COMMA = YES;
				CLANG_WARN_CONSTANT_CONVERSION = YES;
				CLANG_WARN_DEPRECATED_OBJC_IMPLEMENTATIONS = YES;
				CLANG_WARN_DIRECT_OBJC_ISA_USAGE = YES_ERROR;
				CLANG_WARN_DOCUMENTATION_COMMENTS = YES;
				CLANG_WARN_EMPTY_BODY = YES;
				CLANG_WARN_ENUM_CONVERSION = YES;
				CLANG_WARN_INFINITE_RECURSION = YES;
				CLANG_WARN_INT_CONVERSION = YES;
				CLANG_WARN_NON_LITERAL_NULL_CONVERSION = YES;
				CLANG_WARN_OBJC_IMPLICIT_RETAIN_SELF = YES;
				CLANG_WARN_OBJC_LITERAL_CONVERSION = YES;
				CLANG_WARN_OBJC_ROOT_CLASS = YES_ERROR;
				CLANG_WARN_RANGE_LOOP_ANALYSIS = YES;
				CLANG_WARN_STRICT_PROTOTYPES = YES;
				CLANG_WARN_SUSPICIOUS_MOVE = YES;
				CLANG_WARN_UNGUARDED_AVAILABILITY = YES_AGGRESSIVE;
				CLANG_WARN_UNREACHABLE_CODE = YES;
				CLANG_WARN__DUPLICATE_METHOD_MATCH = YES;
				CODE_SIGN_IDENTITY = "iPhone Developer";
				COPY_PHASE_STRIP = NO;
				DEBUG_INFORMATION_FORMAT = "dwarf-with-dsym";
				ENABLE_NS_ASSERTIONS = NO;
				ENABLE_STRICT_OBJC_MSGSEND = YES;
				GCC_C_LANGUAGE_STANDARD = gnu11;
				GCC_NO_COMMON_BLOCKS = YES;
				GCC_WARN_64_TO_32_BIT_CONVERSION = YES;
				GCC_WARN_ABOUT_RETURN_TYPE = YES_ERROR;
				GCC_WARN_UNDECLARED_SELECTOR = YES;
				GCC_WARN_UNINITIALIZED_AUTOS = YES_AGGRESSIVE;
				GCC_WARN_UNUSED_FUNCTION = YES;
				GCC_WARN_UNUSED_VARIABLE = YES;
				IPHONEOS_DEPLOYMENT_TARGET = 12.2;
				MTL_ENABLE_DEBUG_INFO = NO;
				MTL_FAST_MATH = YES;
				SDKROOT = iphoneos;
				SWIFT_COMPILATION_MODE = wholemodule;
				SWIFT_OPTIMIZATION_LEVEL = "-O";
				VALIDATE_PRODUCT = YES;
			};
			name = Release;
		};
		1B7514BD22A0300900EB705E /* Debug */ = {
			isa = XCBuildConfiguration;
			baseConfigurationReference = B5B056CFB4AEC4292EA2CCC5 /* Pods-Movies App.debug.xcconfig */;
			buildSettings = {
				ASSETCATALOG_COMPILER_APPICON_NAME = AppIcon;
				CODE_SIGN_STYLE = Automatic;
				INFOPLIST_FILE = "Movies App/Info.plist";
				IPHONEOS_DEPLOYMENT_TARGET = 12.0;
				LD_RUNPATH_SEARCH_PATHS = (
					"$(inherited)",
					"@executable_path/Frameworks",
				);
				PRODUCT_BUNDLE_IDENTIFIER = "com.tarungorre.Movies-App";
				PRODUCT_NAME = "$(TARGET_NAME)";
				SWIFT_VERSION = 5.0;
				TARGETED_DEVICE_FAMILY = "1,2";
			};
			name = Debug;
		};
		1B7514BE22A0300900EB705E /* Release */ = {
			isa = XCBuildConfiguration;
			baseConfigurationReference = EE6761B6E11564B81029864C /* Pods-Movies App.release.xcconfig */;
			buildSettings = {
				ASSETCATALOG_COMPILER_APPICON_NAME = AppIcon;
				CODE_SIGN_STYLE = Automatic;
				INFOPLIST_FILE = "Movies App/Info.plist";
				IPHONEOS_DEPLOYMENT_TARGET = 12.0;
				LD_RUNPATH_SEARCH_PATHS = (
					"$(inherited)",
					"@executable_path/Frameworks",
				);
				PRODUCT_BUNDLE_IDENTIFIER = "com.tarungorre.Movies-App";
				PRODUCT_NAME = "$(TARGET_NAME)";
				SWIFT_VERSION = 5.0;
				TARGETED_DEVICE_FAMILY = "1,2";
			};
			name = Release;
		};
		1B7514C022A0300900EB705E /* Debug */ = {
			isa = XCBuildConfiguration;
			baseConfigurationReference = D654637834B1F1C00ABB7458 /* Pods-Movies AppTests.debug.xcconfig */;
			buildSettings = {
				ALWAYS_EMBED_SWIFT_STANDARD_LIBRARIES = YES;
				BUNDLE_LOADER = "$(TEST_HOST)";
				CODE_SIGN_STYLE = Automatic;
				INFOPLIST_FILE = "Movies AppTests/Info.plist";
				LD_RUNPATH_SEARCH_PATHS = (
					"$(inherited)",
					"@executable_path/Frameworks",
					"@loader_path/Frameworks",
				);
				PRODUCT_BUNDLE_IDENTIFIER = "com.tarungorre.Movies-AppTests";
				PRODUCT_NAME = "$(TARGET_NAME)";
				SWIFT_VERSION = 5.0;
				TARGETED_DEVICE_FAMILY = "1,2";
				TEST_HOST = "$(BUILT_PRODUCTS_DIR)/Movies App.app/Movies App";
			};
			name = Debug;
		};
		1B7514C122A0300900EB705E /* Release */ = {
			isa = XCBuildConfiguration;
			baseConfigurationReference = 9C094ADF031828E0C0BDA539 /* Pods-Movies AppTests.release.xcconfig */;
			buildSettings = {
				ALWAYS_EMBED_SWIFT_STANDARD_LIBRARIES = YES;
				BUNDLE_LOADER = "$(TEST_HOST)";
				CODE_SIGN_STYLE = Automatic;
				INFOPLIST_FILE = "Movies AppTests/Info.plist";
				LD_RUNPATH_SEARCH_PATHS = (
					"$(inherited)",
					"@executable_path/Frameworks",
					"@loader_path/Frameworks",
				);
				PRODUCT_BUNDLE_IDENTIFIER = "com.tarungorre.Movies-AppTests";
				PRODUCT_NAME = "$(TARGET_NAME)";
				SWIFT_VERSION = 5.0;
				TARGETED_DEVICE_FAMILY = "1,2";
				TEST_HOST = "$(BUILT_PRODUCTS_DIR)/Movies App.app/Movies App";
			};
			name = Release;
		};
/* End XCBuildConfiguration section */

/* Begin XCConfigurationList section */
		1B75149A22A0300700EB705E /* Build configuration list for PBXProject "Movies App" */ = {
			isa = XCConfigurationList;
			buildConfigurations = (
				1B7514BA22A0300900EB705E /* Debug */,
				1B7514BB22A0300900EB705E /* Release */,
			);
			defaultConfigurationIsVisible = 0;
			defaultConfigurationName = Release;
		};
		1B7514BC22A0300900EB705E /* Build configuration list for PBXNativeTarget "Movies App" */ = {
			isa = XCConfigurationList;
			buildConfigurations = (
				1B7514BD22A0300900EB705E /* Debug */,
				1B7514BE22A0300900EB705E /* Release */,
			);
			defaultConfigurationIsVisible = 0;
			defaultConfigurationName = Release;
		};
		1B7514BF22A0300900EB705E /* Build configuration list for PBXNativeTarget "Movies AppTests" */ = {
			isa = XCConfigurationList;
			buildConfigurations = (
				1B7514C022A0300900EB705E /* Debug */,
				1B7514C122A0300900EB705E /* Release */,
			);
			defaultConfigurationIsVisible = 0;
			defaultConfigurationName = Release;
		};
/* End XCConfigurationList section */
	};
	rootObject = 1B75149722A0300700EB705E /* Project object */;
}
